
Microsoft Visual Studio Solution File, Format Version 12.00
# Visual Studio Version 17
VisualStudioVersion = 17.14.37710.0 d17.14
MinimumVisualStudioVersion = 10.0.40219.1
Project("{FAE04EC0-301F-11D3-BF4B-00C04F79EFBC}") = "CST8359-Lab3", "CST8359-Lab3\CST8359-Lab3.csproj", "{1E6A06AF-B320-4656-B986-52D7875DCDA7}"
EndProject
Global
	GlobalSection(SolutionConfigurationPlatforms) = preSolution
		Debug|Any CPU = Debug|Any CPU
		Release|Any CPU = Release|Any CPU
	EndGlobalSection
	GlobalSection(ProjectConfigurationPlatforms) = postSolution
		{1E6A06AF-B320-4656-B986-52D7875DCDA7}.Debug|Any CPU.ActiveCfg = Debug|Any CPU
		{1E6A06AF-B320-4656-B986-52D7875DCDA7}.Debug|Any CPU.Build.0 = Debug|Any CPU
		{1E6A06AF-B320-4656-B986-52D7875DCDA7}.Release|Any CPU.ActiveCfg = Release|Any CPU
		{1E6A06AF-B320-4656-B986-52D7875DCDA7}.Release|Any CPU.Build.0 = Release|Any CPU
	EndGlobalSection
	GlobalSection(SolutionProperties) = preSolution
		HideSolutionNode = FALSE
	EndGlobalSection
	GlobalSection(ExtensibilityGlobals) = postSolution
		SolutionGuid = {431C9A30-EDC6-4625-859B-8F365707D18C}
	EndGlobalSection
EndGlobal
